{
  "nodes": {
    "nixpkgs": {
      "locked": {
        "lastModified": 1682960002,
        "narHash": "sha256-5Zjh4pT3lAjFGN1gVrjqj1LLJHKCAlGdLD8raU7oEMc=",
        "owner": "NixOS",
        "repo": "nixpkgs",
        "rev": "8670e496ffd093b60e74e7fa53526aa5920d09eb",
        "type": "github"
      },
      "original": {
        "owner": "NixOS",
        "ref": "nixpkgs-unstable",
        "repo": "nixpkgs",
        "type": "github"
      }
    },
    "root": {
      "inputs": {
        "nixpkgs": "nixpkgs"
      }
    }
  },
  "root": "root",
  "version": 7
}
